// !$*UTF8*$!
{
	archiveVersion = 1;
	classes = {
	};
	objectVersion = 46;
	objects = {

/* Begin PBXBuildFile section */
		7E21309F1A68DECE007BDCFD /* corpus.txt in Resources */ = {isa = PBXBuildFile; fileRef = 7E21309E1A68DECE007BDCFD /* corpus.txt */; };
		7E6373AA1ACA01D100B0F608 /* Contents.json in Resources */ = {isa = PBXBuildFile; fileRef = 7E63738E1ACA01D100B0F608 /* Contents.json */; };
		7E6373AB1ACA01D100B0F608 /* Icon-40.png in Resources */ = {isa = PBXBuildFile; fileRef = 7E63738F1ACA01D100B0F608 /* Icon-40.png */; };
		7E6373AC1ACA01D100B0F608 /* Icon-40@2x.png in Resources */ = {isa = PBXBuildFile; fileRef = 7E6373901ACA01D100B0F608 /* Icon-40@2x.png */; };
		7E6373AD1ACA01D100B0F608 /* Icon-40@3x.png in Resources */ = {isa = PBXBuildFile; fileRef = 7E6373911ACA01D100B0F608 /* Icon-40@3x.png */; };
		7E6373AE1ACA01D100B0F608 /* Icon-60@2x.png in Resources */ = {isa = PBXBuildFile; fileRef = 7E6373921ACA01D100B0F608 /* Icon-60@2x.png */; };
		7E6373AF1ACA01D100B0F608 /* Icon-60@3x.png in Resources */ = {isa = PBXBuildFile; fileRef = 7E6373931ACA01D100B0F608 /* Icon-60@3x.png */; };
		7E6373B01ACA01D100B0F608 /* Icon-76.png in Resources */ = {isa = PBXBuildFile; fileRef = 7E6373941ACA01D100B0F608 /* Icon-76.png */; };
		7E6373B11ACA01D100B0F608 /* Icon-76@2x.png in Resources */ = {isa = PBXBuildFile; fileRef = 7E6373951ACA01D100B0F608 /* Icon-76@2x.png */; };
		7E6373B21ACA01D100B0F608 /* Icon-Small.png in Resources */ = {isa = PBXBuildFile; fileRef = 7E6373961ACA01D100B0F608 /* Icon-Small.png */; };
		7E6373B31ACA01D100B0F608 /* Icon-Small@2x.png in Resources */ = {isa = PBXBuildFile; fileRef = 7E6373971ACA01D100B0F608 /* Icon-Small@2x.png */; };
		7E6373B41ACA01D100B0F608 /* Icon-Small@3x.png in Resources */ = {isa = PBXBuildFile; fileRef = 7E6373981ACA01D100B0F608 /* Icon-Small@3x.png */; };
		7E6373B51ACA01D100B0F608 /* Icon-60.png in Resources */ = {isa = PBXBuildFile; fileRef = 7E6373991ACA01D100B0F608 /* Icon-60.png */; };
		7E6373B61ACA01D100B0F608 /* Icon-72.png in Resources */ = {isa = PBXBuildFile; fileRef = 7E63739A1ACA01D100B0F608 /* Icon-72.png */; };
		7E6373B71ACA01D100B0F608 /* Icon-72@2x.png in Resources */ = {isa = PBXBuildFile; fileRef = 7E63739B1ACA01D100B0F608 /* Icon-72@2x.png */; };
		7E6373B81ACA01D100B0F608 /* Icon-Small-50.png in Resources */ = {isa = PBXBuildFile; fileRef = 7E63739C1ACA01D100B0F608 /* Icon-Small-50.png */; };
		7E6373B91ACA01D100B0F608 /* Icon-Small-50@2x.png in Resources */ = {isa = PBXBuildFile; fileRef = 7E63739D1ACA01D100B0F608 /* Icon-Small-50@2x.png */; };
		7E6373BA1ACA01D100B0F608 /* Icon.png in Resources */ = {isa = PBXBuildFile; fileRef = 7E63739E1ACA01D100B0F608 /* Icon.png */; };
		7E6373BB1ACA01D100B0F608 /* Icon@2x.png in Resources */ = {isa = PBXBuildFile; fileRef = 7E63739F1ACA01D100B0F608 /* Icon@2x.png */; };
		7E6373BC1ACA01D100B0F608 /* iTunesArtwork.png in Resources */ = {isa = PBXBuildFile; fileRef = 7E6373A01ACA01D100B0F608 /* iTunesArtwork.png */; };
		7E6373BD1ACA01D100B0F608 /* iTunesArtwork@2x.png in Resources */ = {isa = PBXBuildFile; fileRef = 7E6373A11ACA01D100B0F608 /* iTunesArtwork@2x.png */; };
		7EA073F71A678C1400B217AA /* main.m in Sources */ = {isa = PBXBuildFile; fileRef = 7EA073F61A678C1400B217AA /* main.m */; };
		7EA073FA1A678C1400B217AA /* AppDelegate.m in Sources */ = {isa = PBXBuildFile; fileRef = 7EA073F91A678C1400B217AA /* AppDelegate.m */; };
		7EA073FD1A678C1400B217AA /* TalkViewController.m in Sources */ = {isa = PBXBuildFile; fileRef = 7EA073FC1A678C1400B217AA /* TalkViewController.m */; };
		7EA074001A678C1400B217AA /* Main.storyboard in Resources */ = {isa = PBXBuildFile; fileRef = 7EA073FE1A678C1400B217AA /* Main.storyboard */; };
		7EA074021A678C1400B217AA /* Images.xcassets in Resources */ = {isa = PBXBuildFile; fileRef = 7EA074011A678C1400B217AA /* Images.xcassets */; };
		7EA074051A678C1400B217AA /* LaunchScreen.xib in Resources */ = {isa = PBXBuildFile; fileRef = 7EA074031A678C1400B217AA /* LaunchScreen.xib */; };
		7EA074111A678C1400B217AA /* HealthTalkTests.m in Sources */ = {isa = PBXBuildFile; fileRef = 7EA074101A678C1400B217AA /* HealthTalkTests.m */; };
		7EA0741F1A678DE700B217AA /* AcousticModelEnglish.bundle in Resources */ = {isa = PBXBuildFile; fileRef = 7EA0741B1A678DE700B217AA /* AcousticModelEnglish.bundle */; };
		7EA074201A678DE700B217AA /* AcousticModelSpanish.bundle in Resources */ = {isa = PBXBuildFile; fileRef = 7EA0741C1A678DE700B217AA /* AcousticModelSpanish.bundle */; };
		7EA074211A678DE700B217AA /* OpenEars.framework in Frameworks */ = {isa = PBXBuildFile; fileRef = 7EA0741D1A678DE700B217AA /* OpenEars.framework */; };
		7EA074221A678DE700B217AA /* Slt.framework in Frameworks */ = {isa = PBXBuildFile; fileRef = 7EA0741E1A678DE700B217AA /* Slt.framework */; };
		7EA074241A678E3400B217AA /* AudioToolbox.framework in Frameworks */ = {isa = PBXBuildFile; fileRef = 7EA074231A678E3400B217AA /* AudioToolbox.framework */; };
		7EA074261A678E3B00B217AA /* AVFoundation.framework in Frameworks */ = {isa = PBXBuildFile; fileRef = 7EA074251A678E3B00B217AA /* AVFoundation.framework */; };
		7EA2A89F1A67A200007E93D2 /* HealthKit.framework in Frameworks */ = {isa = PBXBuildFile; fileRef = 7EA2A89E1A67A200007E93D2 /* HealthKit.framework */; };
/* End PBXBuildFile section */

/* Begin PBXContainerItemProxy section */
		7EA0740B1A678C1400B217AA /* PBXContainerItemProxy */ = {
			isa = PBXContainerItemProxy;
			containerPortal = 7EA073E91A678C1400B217AA /* Project object */;
			proxyType = 1;
			remoteGlobalIDString = 7EA073F01A678C1400B217AA;
			remoteInfo = HealthTalk;
		};
/* End PBXContainerItemProxy section */

/* Begin PBXFileReference section */
		7E21309E1A68DECE007BDCFD /* corpus.txt */ = {isa = PBXFileReference; fileEncoding = 4; lastKnownFileType = text; path = corpus.txt; sourceTree = "<group>"; };
		7E63738E1ACA01D100B0F608 /* Contents.json */ = {isa = PBXFileReference; fileEncoding = 4; lastKnownFileType = text.json; path = Contents.json; sourceTree = "<group>"; };
		7E63738F1ACA01D100B0F608 /* Icon-40.png */ = {isa = PBXFileReference; lastKnownFileType = image.png; path = "Icon-40.png"; sourceTree = "<group>"; };
		7E6373901ACA01D100B0F608 /* Icon-40@2x.png */ = {isa = PBXFileReference; lastKnownFileType = image.png; path = "Icon-40@2x.png"; sourceTree = "<group>"; };
		7E6373911ACA01D100B0F608 /* Icon-40@3x.png */ = {isa = PBXFileReference; lastKnownFileType = image.png; path = "Icon-40@3x.png"; sourceTree = "<group>"; };
		7E6373921ACA01D100B0F608 /* Icon-60@2x.png */ = {isa = PBXFileReference; lastKnownFileType = image.png; path = "Icon-60@2x.png"; sourceTree = "<group>"; };
		7E6373931ACA01D100B0F608 /* Icon-60@3x.png */ = {isa = PBXFileReference; lastKnownFileType = image.png; path = "Icon-60@3x.png"; sourceTree = "<group>"; };
		7E6373941ACA01D100B0F608 /* Icon-76.png */ = {isa = PBXFileReference; lastKnownFileType = image.png; path = "Icon-76.png"; sourceTree = "<group>"; };
		7E6373951ACA01D100B0F608 /* Icon-76@2x.png */ = {isa = PBXFileReference; lastKnownFileType = image.png; path = "Icon-76@2x.png"; sourceTree = "<group>"; };
		7E6373961ACA01D100B0F608 /* Icon-Small.png */ = {isa = PBXFileReference; lastKnownFileType = image.png; path = "Icon-Small.png"; sourceTree = "<group>"; };
		7E6373971ACA01D100B0F608 /* Icon-Small@2x.png */ = {isa = PBXFileReference; lastKnownFileType = image.png; path = "Icon-Small@2x.png"; sourceTree = "<group>"; };
		7E6373981ACA01D100B0F608 /* Icon-Small@3x.png */ = {isa = PBXFileReference; lastKnownFileType = image.png; path = "Icon-Small@3x.png"; sourceTree = "<group>"; };
		7E6373991ACA01D100B0F608 /* Icon-60.png */ = {isa = PBXFileReference; lastKnownFileType = image.png; name = "Icon-60.png"; path = "../Icon-60.png"; sourceTree = "<group>"; };
		7E63739A1ACA01D100B0F608 /* Icon-72.png */ = {isa = PBXFileReference; lastKnownFileType = image.png; name = "Icon-72.png"; path = "../Icon-72.png"; sourceTree = "<group>"; };
		7E63739B1ACA01D100B0F608 /* Icon-72@2x.png */ = {isa = PBXFileReference; lastKnownFileType = image.png; name = "Icon-72@2x.png"; path = "../Icon-72@2x.png"; sourceTree = "<group>"; };
		7E63739C1ACA01D100B0F608 /* Icon-Small-50.png */ = {isa = PBXFileReference; lastKnownFileType = image.png; name = "Icon-Small-50.png"; path = "../Icon-Small-50.png"; sourceTree = "<group>"; };
		7E63739D1ACA01D100B0F608 /* Icon-Small-50@2x.png */ = {isa = PBXFileReference; lastKnownFileType = image.png; name = "Icon-Small-50@2x.png"; path = "../Icon-Small-50@2x.png"; sourceTree = "<group>"; };
		7E63739E1ACA01D100B0F608 /* Icon.png */ = {isa = PBXFileReference; lastKnownFileType = image.png; name = Icon.png; path = ../Icon.png; sourceTree = "<group>"; };
		7E63739F1ACA01D100B0F608 /* Icon@2x.png */ = {isa = PBXFileReference; lastKnownFileType = image.png; name = "Icon@2x.png"; path = "../Icon@2x.png"; sourceTree = "<group>"; };
		7E6373A01ACA01D100B0F608 /* iTunesArtwork.png */ = {isa = PBXFileReference; lastKnownFileType = image.png; name = iTunesArtwork.png; path = ../iTunesArtwork.png; sourceTree = "<group>"; };
		7E6373A11ACA01D100B0F608 /* iTunesArtwork@2x.png */ = {isa = PBXFileReference; lastKnownFileType = image.png; name = "iTunesArtwork@2x.png"; path = "../iTunesArtwork@2x.png"; sourceTree = "<group>"; };
		7EA073F11A678C1400B217AA /* HealthTalk.app */ = {isa = PBXFileReference; explicitFileType = wrapper.application; includeInIndex = 0; path = HealthTalk.app; sourceTree = BUILT_PRODUCTS_DIR; };
		7EA073F51A678C1400B217AA /* Info.plist */ = {isa = PBXFileReference; lastKnownFileType = text.plist.xml; path = Info.plist; sourceTree = "<group>"; };
		7EA073F61A678C1400B217AA /* main.m */ = {isa = PBXFileReference; lastKnownFileType = sourcecode.c.objc; path = main.m; sourceTree = "<group>"; };
		7EA073F81A678C1400B217AA /* AppDelegate.h */ = {isa = PBXFileReference; lastKnownFileType = sourcecode.c.h; path = AppDelegate.h; sourceTree = "<group>"; };
		7EA073F91A678C1400B217AA /* AppDelegate.m */ = {isa = PBXFileReference; lastKnownFileType = sourcecode.c.objc; path = AppDelegate.m; sourceTree = "<group>"; };
		7EA073FB1A678C1400B217AA /* TalkViewController.h */ = {isa = PBXFileReference; lastKnownFileType = sourcecode.c.h; path = TalkViewController.h; sourceTree = "<group>"; };
		7EA073FC1A678C1400B217AA /* TalkViewController.m */ = {isa = PBXFileReference; lastKnownFileType = sourcecode.c.objc; path = TalkViewController.m; sourceTree = "<group>"; };
		7EA073FF1A678C1400B217AA /* Base */ = {isa = PBXFileReference; lastKnownFileType = file.storyboard; name = Base; path = Base.lproj/Main.storyboard; sourceTree = "<group>"; };
		7EA074011A678C1400B217AA /* Images.xcassets */ = {isa = PBXFileReference; lastKnownFileType = folder.assetcatalog; path = Images.xcassets; sourceTree = "<group>"; };
		7EA074041A678C1400B217AA /* Base */ = {isa = PBXFileReference; lastKnownFileType = file.xib; name = Base; path = Base.lproj/LaunchScreen.xib; sourceTree = "<group>"; };
		7EA0740A1A678C1400B217AA /* HealthTalkTests.xctest */ = {isa = PBXFileReference; explicitFileType = wrapper.cfbundle; includeInIndex = 0; path = HealthTalkTests.xctest; sourceTree = BUILT_PRODUCTS_DIR; };
		7EA0740F1A678C1400B217AA /* Info.plist */ = {isa = PBXFileReference; lastKnownFileType = text.plist.xml; path = Info.plist; sourceTree = "<group>"; };
		7EA074101A678C1400B217AA /* HealthTalkTests.m */ = {isa = PBXFileReference; lastKnownFileType = sourcecode.c.objc; path = HealthTalkTests.m; sourceTree = "<group>"; };
		7EA0741B1A678DE700B217AA /* AcousticModelEnglish.bundle */ = {isa = PBXFileReference; lastKnownFileType = "wrapper.plug-in"; path = AcousticModelEnglish.bundle; sourceTree = "<group>"; };
		7EA0741C1A678DE700B217AA /* AcousticModelSpanish.bundle */ = {isa = PBXFileReference; lastKnownFileType = "wrapper.plug-in"; path = AcousticModelSpanish.bundle; sourceTree = "<group>"; };
		7EA0741D1A678DE700B217AA /* OpenEars.framework */ = {isa = PBXFileReference; lastKnownFileType = wrapper.framework; path = OpenEars.framework; sourceTree = "<group>"; };
		7EA0741E1A678DE700B217AA /* Slt.framework */ = {isa = PBXFileReference; lastKnownFileType = wrapper.framework; path = Slt.framework; sourceTree = "<group>"; };
		7EA074231A678E3400B217AA /* AudioToolbox.framework */ = {isa = PBXFileReference; lastKnownFileType = wrapper.framework; name = AudioToolbox.framework; path = System/Library/Frameworks/AudioToolbox.framework; sourceTree = SDKROOT; };
		7EA074251A678E3B00B217AA /* AVFoundation.framework */ = {isa = PBXFileReference; lastKnownFileType = wrapper.framework; name = AVFoundation.framework; path = System/Library/Frameworks/AVFoundation.framework; sourceTree = SDKROOT; };
		7EA2A89D1A67A1FF007E93D2 /* HealthTalk.entitlements */ = {isa = PBXFileReference; lastKnownFileType = text.xml; path = HealthTalk.entitlements; sourceTree = "<group>"; };
		7EA2A89E1A67A200007E93D2 /* HealthKit.framework */ = {isa = PBXFileReference; lastKnownFileType = wrapper.framework; name = HealthKit.framework; path = System/Library/Frameworks/HealthKit.framework; sourceTree = SDKROOT; };
/* End PBXFileReference section */

/* Begin PBXFrameworksBuildPhase section */
		7EA073EE1A678C1400B217AA /* Frameworks */ = {
			isa = PBXFrameworksBuildPhase;
			buildActionMask = 2147483647;
			files = (
				7EA074261A678E3B00B217AA /* AVFoundation.framework in Frameworks */,
				7EA074241A678E3400B217AA /* AudioToolbox.framework in Frameworks */,
				7EA074221A678DE700B217AA /* Slt.framework in Frameworks */,
				7EA074211A678DE700B217AA /* OpenEars.framework in Frameworks */,
				7EA2A89F1A67A200007E93D2 /* HealthKit.framework in Frameworks */,
			);
			runOnlyForDeploymentPostprocessing = 0;
		};
		7EA074071A678C1400B217AA /* Frameworks */ = {
			isa = PBXFrameworksBuildPhase;
			buildActionMask = 2147483647;
			files = (
			);
			runOnlyForDeploymentPostprocessing = 0;
		};
/* End PBXFrameworksBuildPhase section */

/* Begin PBXGroup section */
		7E63738D1ACA01D100B0F608 /* AppIcon.appiconset */ = {
			isa = PBXGroup;
			children = (
				7E6373991ACA01D100B0F608 /* Icon-60.png */,
				7E63739A1ACA01D100B0F608 /* Icon-72.png */,
				7E63739B1ACA01D100B0F608 /* Icon-72@2x.png */,
				7E63739C1ACA01D100B0F608 /* Icon-Small-50.png */,
				7E63739D1ACA01D100B0F608 /* Icon-Small-50@2x.png */,
				7E63739E1ACA01D100B0F608 /* Icon.png */,
				7E63739F1ACA01D100B0F608 /* Icon@2x.png */,
				7E6373A01ACA01D100B0F608 /* iTunesArtwork.png */,
				7E6373A11ACA01D100B0F608 /* iTunesArtwork@2x.png */,
				7E63738E1ACA01D100B0F608 /* Contents.json */,
				7E63738F1ACA01D100B0F608 /* Icon-40.png */,
				7E6373901ACA01D100B0F608 /* Icon-40@2x.png */,
				7E6373911ACA01D100B0F608 /* Icon-40@3x.png */,
				7E6373921ACA01D100B0F608 /* Icon-60@2x.png */,
				7E6373931ACA01D100B0F608 /* Icon-60@3x.png */,
				7E6373941ACA01D100B0F608 /* Icon-76.png */,
				7E6373951ACA01D100B0F608 /* Icon-76@2x.png */,
				7E6373961ACA01D100B0F608 /* Icon-Small.png */,
				7E6373971ACA01D100B0F608 /* Icon-Small@2x.png */,
				7E6373981ACA01D100B0F608 /* Icon-Small@3x.png */,
			);
			name = AppIcon.appiconset;
			path = icon/ios/AppIcon.appiconset;
			sourceTree = "<group>";
		};
		7EA073E81A678C1400B217AA = {
			isa = PBXGroup;
			children = (
				7EA073F31A678C1400B217AA /* HealthTalk */,
				7EA0740D1A678C1400B217AA /* HealthTalkTests */,
				7EA073F21A678C1400B217AA /* Products */,
				7EA0741A1A678DE700B217AA /* Frameworks */,
			);
			sourceTree = "<group>";
		};
		7EA073F21A678C1400B217AA /* Products */ = {
			isa = PBXGroup;
			children = (
				7EA073F11A678C1400B217AA /* HealthTalk.app */,
				7EA0740A1A678C1400B217AA /* HealthTalkTests.xctest */,
			);
			name = Products;
			sourceTree = "<group>";
		};
		7EA073F31A678C1400B217AA /* HealthTalk */ = {
			isa = PBXGroup;
			children = (
				7EA2A89D1A67A1FF007E93D2 /* HealthTalk.entitlements */,
				7EA073F81A678C1400B217AA /* AppDelegate.h */,
				7EA073F91A678C1400B217AA /* AppDelegate.m */,
				7EA073FB1A678C1400B217AA /* TalkViewController.h */,
				7EA073FC1A678C1400B217AA /* TalkViewController.m */,
				7EA073FE1A678C1400B217AA /* Main.storyboard */,
				7EA074011A678C1400B217AA /* Images.xcassets */,
				7EA074031A678C1400B217AA /* LaunchScreen.xib */,
				7EA073F41A678C1400B217AA /* Supporting Files */,
			);
			path = HealthTalk;
			sourceTree = "<group>";
		};
		7EA073F41A678C1400B217AA /* Supporting Files */ = {
			isa = PBXGroup;
			children = (
				7E21309E1A68DECE007BDCFD /* corpus.txt */,
				7EA073F51A678C1400B217AA /* Info.plist */,
				7EA073F61A678C1400B217AA /* main.m */,
				7E63738D1ACA01D100B0F608 /* AppIcon.appiconset */,
			);
			name = "Supporting Files";
			sourceTree = "<group>";
		};
		7EA0740D1A678C1400B217AA /* HealthTalkTests */ = {
			isa = PBXGroup;
			children = (
				7EA074101A678C1400B217AA /* HealthTalkTests.m */,
				7EA0740E1A678C1400B217AA /* Supporting Files */,
			);
			path = HealthTalkTests;
			sourceTree = "<group>";
		};
		7EA0740E1A678C1400B217AA /* Supporting Files */ = {
			isa = PBXGroup;
			children = (
				7EA0740F1A678C1400B217AA /* Info.plist */,
			);
			name = "Supporting Files";
			sourceTree = "<group>";
		};
		7EA0741A1A678DE700B217AA /* Frameworks */ = {
			isa = PBXGroup;
			children = (
				7EA2A89E1A67A200007E93D2 /* HealthKit.framework */,
				7EA074251A678E3B00B217AA /* AVFoundation.framework */,
				7EA074231A678E3400B217AA /* AudioToolbox.framework */,
				7EA0741B1A678DE700B217AA /* AcousticModelEnglish.bundle */,
				7EA0741C1A678DE700B217AA /* AcousticModelSpanish.bundle */,
				7EA0741D1A678DE700B217AA /* OpenEars.framework */,
				7EA0741E1A678DE700B217AA /* Slt.framework */,
			);
			name = Frameworks;
			path = Framework;
			sourceTree = "<group>";
		};
/* End PBXGroup section */

/* Begin PBXNativeTarget section */
		7EA073F01A678C1400B217AA /* HealthTalk */ = {
			isa = PBXNativeTarget;
			buildConfigurationList = 7EA074141A678C1400B217AA /* Build configuration list for PBXNativeTarget "HealthTalk" */;
			buildPhases = (
				7EA073ED1A678C1400B217AA /* Sources */,
				7EA073EE1A678C1400B217AA /* Frameworks */,
				7EA073EF1A678C1400B217AA /* Resources */,
			);
			buildRules = (
			);
			dependencies = (
			);
			name = HealthTalk;
			productName = HealthTalk;
			productReference = 7EA073F11A678C1400B217AA /* HealthTalk.app */;
			productType = "com.apple.product-type.application";
		};
		7EA074091A678C1400B217AA /* HealthTalkTests */ = {
			isa = PBXNativeTarget;
			buildConfigurationList = 7EA074171A678C1400B217AA /* Build configuration list for PBXNativeTarget "HealthTalkTests" */;
			buildPhases = (
				7EA074061A678C1400B217AA /* Sources */,
				7EA074071A678C1400B217AA /* Frameworks */,
				7EA074081A678C1400B217AA /* Resources */,
			);
			buildRules = (
			);
			dependencies = (
				7EA0740C1A678C1400B217AA /* PBXTargetDependency */,
			);
			name = HealthTalkTests;
			productName = HealthTalkTests;
			productReference = 7EA0740A1A678C1400B217AA /* HealthTalkTests.xctest */;
			productType = "com.apple.product-type.bundle.unit-test";
		};
/* End PBXNativeTarget section */

/* Begin PBXProject section */
		7EA073E91A678C1400B217AA /* Project object */ = {
			isa = PBXProject;
			attributes = {
				LastUpgradeCheck = 0610;
				ORGANIZATIONNAME = ThomasApps;
				TargetAttributes = {
					7EA073F01A678C1400B217AA = {
						CreatedOnToolsVersion = 6.1;
						DevelopmentTeam = 9LEUPX2VHX;
						SystemCapabilities = {
							com.apple.HealthKit = {
								enabled = 1;
							};
						};
					};
					7EA074091A678C1400B217AA = {
						CreatedOnToolsVersion = 6.1;
						TestTargetID = 7EA073F01A678C1400B217AA;
					};
				};
			};
			buildConfigurationList = 7EA073EC1A678C1400B217AA /* Build configuration list for PBXProject "HealthTalk" */;
			compatibilityVersion = "Xcode 3.2";
			developmentRegion = English;
			hasScannedForEncodings = 0;
			knownRegions = (
				en,
				Base,
			);
			mainGroup = 7EA073E81A678C1400B217AA;
			productRefGroup = 7EA073F21A678C1400B217AA /* Products */;
			projectDirPath = "";
			projectRoot = "";
			targets = (
				7EA073F01A678C1400B217AA /* HealthTalk */,
				7EA074091A678C1400B217AA /* HealthTalkTests */,
			);
		};
/* End PBXProject section */

/* Begin PBXResourcesBuildPhase section */
		7EA073EF1A678C1400B217AA /* Resources */ = {
			isa = PBXResourcesBuildPhase;
			buildActionMask = 2147483647;
			files = (
				7E6373AF1ACA01D100B0F608 /* Icon-60@3x.png in Resources */,
				7E6373B81ACA01D100B0F608 /* Icon-Small-50.png in Resources */,
				7EA074001A678C1400B217AA /* Main.storyboard in Resources */,
				7E6373B71ACA01D100B0F608 /* Icon-72@2x.png in Resources */,
				7EA074201A678DE700B217AA /* AcousticModelSpanish.bundle in Resources */,
				7E6373BC1ACA01D100B0F608 /* iTunesArtwork.png in Resources */,
				7E6373BB1ACA01D100B0F608 /* Icon@2x.png in Resources */,
				7E6373B11ACA01D100B0F608 /* Icon-76@2x.png in Resources */,
				7EA0741F1A678DE700B217AA /* AcousticModelEnglish.bundle in Resources */,
				7E6373B41ACA01D100B0F608 /* Icon-Small@3x.png in Resources */,
				7E6373B91ACA01D100B0F608 /* Icon-Small-50@2x.png in Resources */,
				7EA074051A678C1400B217AA /* LaunchScreen.xib in Resources */,
				7E6373BD1ACA01D100B0F608 /* iTunesArtwork@2x.png in Resources */,
				7E6373AE1ACA01D100B0F608 /* Icon-60@2x.png in Resources */,
				7E6373BA1ACA01D100B0F608 /* Icon.png in Resources */,
				7E6373B61ACA01D100B0F608 /* Icon-72.png in Resources */,
				7E6373AC1ACA01D100B0F608 /* Icon-40@2x.png in Resources */,
				7E6373B51ACA01D100B0F608 /* Icon-60.png in Resources */,
				7E6373AD1ACA01D100B0F608 /* Icon-40@3x.png in Resources */,
				7E21309F1A68DECE007BDCFD /* corpus.txt in Resources */,
				7E6373B21ACA01D100B0F608 /* Icon-Small.png in Resources */,
				7E6373B31ACA01D100B0F608 /* Icon-Small@2x.png in Resources */,
				7EA074021A678C1400B217AA /* Images.xcassets in Resources */,
				7E6373B01ACA01D100B0F608 /* Icon-76.png in Resources */,
				7E6373AA1ACA01D100B0F608 /* Contents.json in Resources */,
				7E6373AB1ACA01D100B0F608 /* Icon-40.png in Resources */,
			);
			runOnlyForDeploymentPostprocessing = 0;
		};
		7EA074081A678C1400B217AA /* Resources */ = {
			isa = PBXResourcesBuildPhase;
			buildActionMask = 2147483647;
			files = (
			);
			runOnlyForDeploymentPostprocessing = 0;
		};
/* End PBXResourcesBuildPhase section */

/* Begin PBXSourcesBuildPhase section */
		7EA073ED1A678C1400B217AA /* Sources */ = {
			isa = PBXSourcesBuildPhase;
			buildActionMask = 2147483647;
			files = (
				7EA073FD1A678C1400B217AA /* TalkViewController.m in Sources */,
				7EA073FA1A678C1400B217AA /* AppDelegate.m in Sources */,
				7EA073F71A678C1400B217AA /* main.m in Sources */,
			);
			runOnlyForDeploymentPostprocessing = 0;
		};
		7EA074061A678C1400B217AA /* Sources */ = {
			isa = PBXSourcesBuildPhase;
			buildActionMask = 2147483647;
			files = (
				7EA074111A678C1400B217AA /* HealthTalkTests.m in Sources */,
			);
			runOnlyForDeploymentPostprocessing = 0;
		};
/* End PBXSourcesBuildPhase section */

/* Begin PBXTargetDependency section */
		7EA0740C1A678C1400B217AA /* PBXTargetDependency */ = {
			isa = PBXTargetDependency;
			target = 7EA073F01A678C1400B217AA /* HealthTalk */;
			targetProxy = 7EA0740B1A678C1400B217AA /* PBXContainerItemProxy */;
		};
/* End PBXTargetDependency section */

/* Begin PBXVariantGroup section */
		7EA073FE1A678C1400B217AA /* Main.storyboard */ = {
			isa = PBXVariantGroup;
			children = (
				7EA073FF1A678C1400B217AA /* Base */,
			);
			name = Main.storyboard;
			sourceTree = "<group>";
		};
		7EA074031A678C1400B217AA /* LaunchScreen.xib */ = {
			isa = PBXVariantGroup;
			children = (
				7EA074041A678C1400B217AA /* Base */,
			);
			name = LaunchScreen.xib;
			sourceTree = "<group>";
		};
/* End PBXVariantGroup section */

/* Begin XCBuildConfiguration section */
		7EA074121A678C1400B217AA /* Debug */ = {
			isa = XCBuildConfiguration;
			buildSettings = {
				ALWAYS_SEARCH_USER_PATHS = NO;
				CLANG_CXX_LANGUAGE_STANDARD = "gnu++0x";
				CLANG_CXX_LIBRARY = "libc++";
				CLANG_ENABLE_MODULES = YES;
				CLANG_ENABLE_OBJC_ARC = YES;
				CLANG_WARN_BOOL_CONVERSION = YES;
				CLANG_WARN_CONSTANT_CONVERSION = YES;
				CLANG_WARN_DIRECT_OBJC_ISA_USAGE = YES_ERROR;
				CLANG_WARN_EMPTY_BODY = YES;
				CLANG_WARN_ENUM_CONVERSION = YES;
				CLANG_WARN_INT_CONVERSION = YES;
				CLANG_WARN_OBJC_ROOT_CLASS = YES_ERROR;
				CLANG_WARN_UNREACHABLE_CODE = YES;
				CLANG_WARN__DUPLICATE_METHOD_MATCH = YES;
				CODE_SIGN_IDENTITY = "iPhone Distribution: Thomas Thornton (9LEUPX2VHX)";
				"CODE_SIGN_IDENTITY[sdk=iphoneos*]" = "iPhone Distribution: Thomas Thornton (9LEUPX2VHX)";
				COPY_PHASE_STRIP = NO;
				ENABLE_STRICT_OBJC_MSGSEND = YES;
				GCC_C_LANGUAGE_STANDARD = gnu99;
				GCC_DYNAMIC_NO_PIC = NO;
				GCC_OPTIMIZATION_LEVEL = 0;
				GCC_PREPROCESSOR_DEFINITIONS = (
					"DEBUG=1",
					"$(inherited)",
				);
				GCC_SYMBOLS_PRIVATE_EXTERN = NO;
				GCC_WARN_64_TO_32_BIT_CONVERSION = YES;
				GCC_WARN_ABOUT_RETURN_TYPE = YES_ERROR;
				GCC_WARN_UNDECLARED_SELECTOR = YES;
				GCC_WARN_UNINITIALIZED_AUTOS = YES_AGGRESSIVE;
				GCC_WARN_UNUSED_FUNCTION = YES;
				GCC_WARN_UNUSED_VARIABLE = YES;
				IPHONEOS_DEPLOYMENT_TARGET = 8.1;
				MTL_ENABLE_DEBUG_INFO = YES;
				ONLY_ACTIVE_ARCH = YES;
				PROVISIONING_PROFILE = "cc0ad6d4-90f9-491f-a4d0-e286bf40402f";
				SDKROOT = iphoneos;
			};
			name = Debug;
		};
		7EA074131A678C1400B217AA /* Release */ = {
			isa = XCBuildConfiguration;
			buildSettings = {
				ALWAYS_SEARCH_USER_PATHS = NO;
				CLANG_CXX_LANGUAGE_STANDARD = "gnu++0x";
				CLANG_CXX_LIBRARY = "libc++";
				CLANG_ENABLE_MODULES = YES;
				CLANG_ENABLE_OBJC_ARC = YES;
				CLANG_WARN_BOOL_CONVERSION = YES;
				CLANG_WARN_CONSTANT_CONVERSION = YES;
				CLANG_WARN_DIRECT_OBJC_ISA_USAGE = YES_ERROR;
				CLANG_WARN_EMPTY_BODY = YES;
				CLANG_WARN_ENUM_CONVERSION = YES;
				CLANG_WARN_INT_CONVERSION = YES;
				CLANG_WARN_OBJC_ROOT_CLASS = YES_ERROR;
				CLANG_WARN_UNREACHABLE_CODE = YES;
				CLANG_WARN__DUPLICATE_METHOD_MATCH = YES;
				CODE_SIGN_IDENTITY = "iPhone Distribution: Thomas Thornton (9LEUPX2VHX)";
				"CODE_SIGN_IDENTITY[sdk=iphoneos*]" = "iPhone Distribution: Thomas Thornton (9LEUPX2VHX)";
				COPY_PHASE_STRIP = YES;
				ENABLE_NS_ASSERTIONS = NO;
				ENABLE_STRICT_OBJC_MSGSEND = YES;
				GCC_C_LANGUAGE_STANDARD = gnu99;
				GCC_WARN_64_TO_32_BIT_CONVERSION = YES;
				GCC_WARN_ABOUT_RETURN_TYPE = YES_ERROR;
				GCC_WARN_UNDECLARED_SELECTOR = YES;
				GCC_WARN_UNINITIALIZED_AUTOS = YES_AGGRESSIVE;
				GCC_WARN_UNUSED_FUNCTION = YES;
				GCC_WARN_UNUSED_VARIABLE = YES;
				IPHONEOS_DEPLOYMENT_TARGET = 8.1;
				MTL_ENABLE_DEBUG_INFO = NO;
				PROVISIONING_PROFILE = "cc0ad6d4-90f9-491f-a4d0-e286bf40402f";
				SDKROOT = iphoneos;
				VALIDATE_PRODUCT = YES;
			};
			name = Release;
		};
		7EA074151A678C1400B217AA /* Debug */ = {
			isa = XCBuildConfiguration;
			buildSettings = {
				ASSETCATALOG_COMPILER_APPICON_NAME = AppIcon;
				CODE_SIGN_ENTITLEMENTS = HealthTalk/HealthTalk.entitlements;
				CODE_SIGN_IDENTITY = "iPhone Distribution: Thomas Thornton (9LEUPX2VHX)";
				"CODE_SIGN_IDENTITY[sdk=iphoneos*]" = "iPhone Distribution: Thomas Thornton (9LEUPX2VHX)";
				DEPLOYMENT_POSTPROCESSING = YES;
				FRAMEWORK_SEARCH_PATHS = (
					"$(inherited)",
					"$(PROJECT_DIR)/Framework",
				);
				INFOPLIST_FILE = HealthTalk/Info.plist;
				IPHONEOS_DEPLOYMENT_TARGET = 8.0;
				LD_RUNPATH_SEARCH_PATHS = "$(inherited) @executable_path/Frameworks";
				PRODUCT_NAME = "$(TARGET_NAME)";
				PROVISIONING_PROFILE = "cc0ad6d4-90f9-491f-a4d0-e286bf40402f";
			};
			name = Debug;
		};
		7EA074161A678C1400B217AA /* Release */ = {
			isa = XCBuildConfiguration;
			buildSettings = {
				ASSETCATALOG_COMPILER_APPICON_NAME = AppIcon;
				CODE_SIGN_ENTITLEMENTS = HealthTalk/HealthTalk.entitlements;
				CODE_SIGN_IDENTITY = "iPhone Distribution: Thomas Thornton (9LEUPX2VHX)";
				"CODE_SIGN_IDENTITY[sdk=iphoneos*]" = "iPhone Distribution: Thomas Thornton (9LEUPX2VHX)";
				DEPLOYMENT_POSTPROCESSING = YES;
				FRAMEWORK_SEARCH_PATHS = (
					"$(inherited)",
					"$(PROJECT_DIR)/Framework",
				);
				INFOPLIST_FILE = HealthTalk/Info.plist;
				IPHONEOS_DEPLOYMENT_TARGET = 8.0;
				LD_RUNPATH_SEARCH_PATHS = "$(inherited) @executable_path/Frameworks";
				PRODUCT_NAME = "$(TARGET_NAME)";
				PROVISIONING_PROFILE = "cc0ad6d4-90f9-491f-a4d0-e286bf40402f";
			};
			name = Release;
		};
		7EA074181A678C1400B217AA /* Debug */ = {
			isa = XCBuildConfiguration;
			buildSettings = {
				BUNDLE_LOADER = "$(TEST_HOST)";
				FRAMEWORK_SEARCH_PATHS = (
					"$(SDKROOT)/Developer/Library/Frameworks",
					"$(inherited)",
				);
				GCC_PREPROCESSOR_DEFINITIONS = (
					"DEBUG=1",
					"$(inherited)",
				);
				INFOPLIST_FILE = HealthTalkTests/Info.plist;
				LD_RUNPATH_SEARCH_PATHS = "$(inherited) @executable_path/Frameworks @loader_path/Frameworks";
				PRODUCT_NAME = "$(TARGET_NAME)";
				TEST_HOST = "$(BUILT_PRODUCTS_DIR)/HealthTalk.app/HealthTalk";
			};
			name = Debug;
		};
		7EA074191A678C1400B217AA /* Release */ = {
			isa = XCBuildConfiguration;
			buildSettings = {
				BUNDLE_LOADER = "$(TEST_HOST)";
				FRAMEWORK_SEARCH_PATHS = (
					"$(SDKROOT)/Developer/Library/Frameworks",
					"$(inherited)",
				);
				INFOPLIST_FILE = HealthTalkTests/Info.plist;
				LD_RUNPATH_SEARCH_PATHS = "$(inherited) @executable_path/Frameworks @loader_path/Frameworks";
				PRODUCT_NAME = "$(TARGET_NAME)";
				TEST_HOST = "$(BUILT_PRODUCTS_DIR)/HealthTalk.app/HealthTalk";
			};
			name = Release;
		};
/* End XCBuildConfiguration section */

/* Begin XCConfigurationList section */
		7EA073EC1A678C1400B217AA /* Build configuration list for PBXProject "HealthTalk" */ = {
			isa = XCConfigurationList;
			buildConfigurations = (
				7EA074121A678C1400B217AA /* Debug */,
				7EA074131A678C1400B217AA /* Release */,
			);
			defaultConfigurationIsVisible = 0;
			defaultConfigurationName = Release;
		};
		7EA074141A678C1400B217AA /* Build configuration list for PBXNativeTarget "HealthTalk" */ = {
			isa = XCConfigurationList;
			buildConfigurations = (
				7EA074151A678C1400B217AA /* Debug */,
				7EA074161A678C1400B217AA /* Release */,
			);
			defaultConfigurationIsVisible = 0;
			defaultConfigurationName = Release;
		};
		7EA074171A678C1400B217AA /* Build configuration list for PBXNativeTarget "HealthTalkTests" */ = {
			isa = XCConfigurationList;
			buildConfigurations = (
				7EA074181A678C1400B217AA /* Debug */,
				7EA074191A678C1400B217AA /* Release */,
			);
			defaultConfigurationIsVisible = 0;
			defaultConfigurationName = Release;
		};
/* End XCConfigurationList section */
	};
	rootObject = 7EA073E91A678C1400B217AA /* Project object */;
}
